
Microsoft Visual Studio Solution File, Format Version 12.00
# Visual Studio 15
VisualStudioVersion = 15.0.28307.421
MinimumVisualStudioVersion = 10.0.40219.1
Project("{FAE04EC0-301F-11D3-BF4B-00C04F79EFBC}") = "GUIDCRUD", "GUIDCRUD\GUIDCRUD.csproj", "{3F6E8329-0D9E-425E-BFC5-824E369C1DAA}"
EndProject
Global
	GlobalSection(SolutionConfigurationPlatforms) = preSolution
		Debug|Any CPU = Debug|Any CPU
		Release|Any CPU = Release|Any CPU
	EndGlobalSection
	GlobalSection(ProjectConfigurationPlatforms) = postSolution
		{3F6E8329-0D9E-425E-BFC5-824E369C1DAA}.Debug|Any CPU.ActiveCfg = Debug|Any CPU
		{3F6E8329-0D9E-425E-BFC5-824E369C1DAA}.Debug|Any CPU.Build.0 = Debug|Any CPU
		{3F6E8329-0D9E-425E-BFC5-824E369C1DAA}.Release|Any CPU.ActiveCfg = Release|Any CPU
		{3F6E8329-0D9E-425E-BFC5-824E369C1DAA}.Release|Any CPU.Build.0 = Release|Any CPU
	EndGlobalSection
	GlobalSection(SolutionProperties) = preSolution
		HideSolutionNode = FALSE
	EndGlobalSection
	GlobalSection(ExtensibilityGlobals) = postSolution
		SolutionGuid = {64D648D5-541F-4A9C-B444-50832A3BAB78}
	EndGlobalSection
EndGlobal
